
Microsoft Visual Studio Solution File, Format Version 12.00
# Visual Studio Version 17
VisualStudioVersion = 17.0.31919.166
MinimumVisualStudioVersion = 10.0.40219.1
Project("{FAE04EC0-301F-11D3-BF4B-00C04F79EFBC}") = "LinuxAssignment", "LinuxAssignment\LinuxAssignment.csproj", "{67EBE5EA-DE90-4E31-952E-A3A92CC8204A}"
EndProject
Global
	GlobalSection(SolutionConfigurationPlatforms) = preSolution
		Debug|Any CPU = Debug|Any CPU
		Release|Any CPU = Release|Any CPU
	EndGlobalSection
	GlobalSection(ProjectConfigurationPlatforms) = postSolution
		{67EBE5EA-DE90-4E31-952E-A3A92CC8204A}.Debug|Any CPU.ActiveCfg = Debug|Any CPU
		{67EBE5EA-DE90-4E31-952E-A3A92CC8204A}.Debug|Any CPU.Build.0 = Debug|Any CPU
		{67EBE5EA-DE90-4E31-952E-A3A92CC8204A}.Release|Any CPU.ActiveCfg = Release|Any CPU
		{67EBE5EA-DE90-4E31-952E-A3A92CC8204A}.Release|Any CPU.Build.0 = Release|Any CPU
	EndGlobalSection
	GlobalSection(SolutionProperties) = preSolution
		HideSolutionNode = FALSE
	EndGlobalSection
	GlobalSection(ExtensibilityGlobals) = postSolution
		SolutionGuid = {3A43AD24-EC5D-44BF-9FDD-18FD022419F7}
	EndGlobalSection
EndGlobal
